
Microsoft Visual Studio Solution File, Format Version 12.00
# Visual Studio Version 16
VisualStudioVersion = 16.0.30320.27
MinimumVisualStudioVersion = 10.0.40219.1
Project("{FAE04EC0-301F-11D3-BF4B-00C04F79EFBC}") = "ProyectoPrueba", "ProyectoPrueba.csproj", "{5E1A85F0-F735-4AE9-B533-468B875892E0}"
EndProject
Global
	GlobalSection(SolutionConfigurationPlatforms) = preSolution
		Debug|Any CPU = Debug|Any CPU
		Release|Any CPU = Release|Any CPU
	EndGlobalSection
	GlobalSection(ProjectConfigurationPlatforms) = postSolution
		{5E1A85F0-F735-4AE9-B533-468B875892E0}.Debug|Any CPU.ActiveCfg = Debug|Any CPU
		{5E1A85F0-F735-4AE9-B533-468B875892E0}.Debug|Any CPU.Build.0 = Debug|Any CPU
		{5E1A85F0-F735-4AE9-B533-468B875892E0}.Release|Any CPU.ActiveCfg = Release|Any CPU
		{5E1A85F0-F735-4AE9-B533-468B875892E0}.Release|Any CPU.Build.0 = Release|Any CPU
	EndGlobalSection
	GlobalSection(SolutionProperties) = preSolution
		HideSolutionNode = FALSE
	EndGlobalSection
	GlobalSection(ExtensibilityGlobals) = postSolution
		SolutionGuid = {D9925793-AE8C-484C-B2B8-EE2350F581B0}
	EndGlobalSection
EndGlobal
